<?xml version="1.0" encoding="utf-8"?>
<Project ToolsVersion="4.0" xmlns="http://schemas.microsoft.com/developer/msbuild/2003">
  <ItemGroup>
    <Filter Include="Anabatic">
      <UniqueIdentifier>{98645975-8431-B480-AD4A-A2289976E90E}</UniqueIdentifier>
    </Filter>
  </ItemGroup>
  <ItemGroup>
    <ClInclude Include="src\Anabatic.h" />
    <ClInclude Include="src\Anabatic\Application.h">
      <Filter>Anabatic</Filter>
    </ClInclude>
    <ClInclude Include="src\Anabatic\Core.h">
      <Filter>Anabatic</Filter>
    </ClInclude>
    <ClInclude Include="src\Anabatic\EntryPoint.h">
      <Filter>Anabatic</Filter>
    </ClInclude>
    <ClInclude Include="src\Anabatic\Log.h">
      <Filter>Anabatic</Filter>
    </ClInclude>
    <ClInclude Include="src\anpch.h" />
  </ItemGroup>
  <ItemGroup>
    <ClCompile Include="src\Anabatic\Application.cpp">
      <Filter>Anabatic</Filter>
    </ClCompile>
    <ClCompile Include="src\Anabatic\Log.cpp">
      <Filter>Anabatic</Filter>
    </ClCompile>
    <ClCompile Include="src\anpch.cpp" />
  </ItemGroup>
</Project>